{
  "originHash" : "9d8d7bb7bdef24316bf7e34f0e9d1a52efa345a0a91c20a96ae47cc4aa4d5a24",
  "pins" : [
    {
      "identity" : "aemisdr",
      "kind" : "remoteSourceControl",
      "location" : "https://github.com/Aemi-Studio/AemiSDR",
      "state" : {
        "branch" : "main",
        "revision" : "ba58dcfd07ea5cb2426e04a0a3987aee93514ba1"
      }
    },
    {
      "identity" : "aemiui",
      "kind" : "remoteSourceControl",
      "location" : "https://github.com/Aemi-Studio/AemiUI",
      "state" : {
        "branch" : "main",
        "revision" : "8327810362fa456f20bf5ae4a2820d9d83746312"
      }
    },
    {
      "identity" : "aemiutilities",
      "kind" : "remoteSourceControl",
      "location" : "https://github.com/Aemi-Studio/AemiUtilities",
      "state" : {
        "branch" : "main",
        "revision" : "6c2dc3dd1f1a2e98b1f1393579715dab6b8ccc29"
      }
    },
    {
      "identity" : "swift-collections",
      "kind" : "remoteSourceControl",
      "location" : "https://github.com/apple/swift-collections.git",
      "state" : {
        "revision" : "8c0c0a8b49e080e54e5e328cc552821ff07cd341",
        "version" : "1.2.1"
      }
    }
  ],
  "version" : 3
}
