{
  "originHash" : "559a4f0bc290f79631be00af9e7300deec16f43cd6d925df5c65f92fd5e4f22a",
  "pins" : [
    {
      "identity" : "aemi",
      "kind" : "remoteSourceControl",
      "location" : "https://github.com/Aemi-Studio/aemi",
      "state" : {
        "branch" : "main",
        "revision" : "35a7356cde384b7880c79d9a1f4d250f4a3123a2"
      }
    },
    {
      "identity" : "aemisdr",
      "kind" : "remoteSourceControl",
      "location" : "https://github.com/Aemi-Studio/AemiSDR",
      "state" : {
        "revision" : "56df4d7335e1eb2334059a7f4c6e0e29003d24f8"
      }
    },
    {
      "identity" : "swift-collections",
      "kind" : "remoteSourceControl",
      "location" : "https://github.com/apple/swift-collections.git",
      "state" : {
        "revision" : "a0cb0954ecb21e4e31b0070e6ed5674e8556685a",
        "version" : "1.6.0"
      }
    },
    {
      "identity" : "swift-syntax",
      "kind" : "remoteSourceControl",
      "location" : "https://github.com/swiftlang/swift-syntax.git",
      "state" : {
        "revision" : "79e4b74a295b6eb74a8b585e3a39d29e70c1dbd1",
        "version" : "603.0.2"
      }
    },
    {
      "identity" : "swift-system",
      "kind" : "remoteSourceControl",
      "location" : "https://github.com/apple/swift-system.git",
      "state" : {
        "revision" : "869129b7bf4ecc57b97d0193ad29690ca2134750",
        "version" : "1.8.1"
      }
    }
  ],
  "version" : 3
}
